// !$*UTF8*$!
{
	archiveVersion = 1;
	classes = {
	};
	objectVersion = 56;
	objects = {

/* Begin PBXBuildFile section */
		AC2FB3182BEB272200E01CB0 /* matchDetail.json in Resources */ = {isa = PBXBuildFile; fileRef = AC2FB3172BEB272100E01CB0 /* matchDetail.json */; };
		AC2FB31A2BEB273300E01CB0 /* MatchDetailViewModel.swift in Sources */ = {isa = PBXBuildFile; fileRef = AC2FB3192BEB273300E01CB0 /* MatchDetailViewModel.swift */; };
		AC2FB31C2BEB27A000E01CB0 /* MatchResponse.swift in Sources */ = {isa = PBXBuildFile; fileRef = AC2FB31B2BEB27A000E01CB0 /* MatchResponse.swift */; };
		AC38902E2BEAB3C00053BFE2 /* MatchDetailView.swift in Sources */ = {isa = PBXBuildFile; fileRef = AC38902D2BEAB3C00053BFE2 /* MatchDetailView.swift */; };
		AC5881862BE8D6AE00CC10EB /* App+Ext.swift in Sources */ = {isa = PBXBuildFile; fileRef = AC5881852BE8D6AE00CC10EB /* App+Ext.swift */; };
		ACCA0D442BEC79AC00FFB90F /* ImagePickerManger.swift in Sources */ = {isa = PBXBuildFile; fileRef = ACCA0D432BEC79AC00FFB90F /* ImagePickerManger.swift */; };
		ACCA0D472BEC7A0600FFB90F /* ProfileSetting.swift in Sources */ = {isa = PBXBuildFile; fileRef = ACCA0D462BEC7A0600FFB90F /* ProfileSetting.swift */; };
		ACCA0D4A2BEC882000FFB90F /* TeamsScreen.swift in Sources */ = {isa = PBXBuildFile; fileRef = ACCA0D492BEC882000FFB90F /* TeamsScreen.swift */; };
		ACCA0D4C2BEC883300FFB90F /* TeamsViewModel.swift in Sources */ = {isa = PBXBuildFile; fileRef = ACCA0D4B2BEC883300FFB90F /* TeamsViewModel.swift */; };
		ACCA0D4E2BEC8E5100FFB90F /* Launch Screen.storyboard in Resources */ = {isa = PBXBuildFile; fileRef = ACCA0D4D2BEC8E5100FFB90F /* Launch Screen.storyboard */; };
		ACCA0D512BEC907200FFB90F /* SceneDelegate.swift in Sources */ = {isa = PBXBuildFile; fileRef = ACCA0D502BEC907200FFB90F /* SceneDelegate.swift */; };
		ACD20D612BE5FBE800E07BCA /* CricTactixApp.swift in Sources */ = {isa = PBXBuildFile; fileRef = ACD20D602BE5FBE800E07BCA /* CricTactixApp.swift */; };
		ACD20D632BE5FBE800E07BCA /* ContentView.swift in Sources */ = {isa = PBXBuildFile; fileRef = ACD20D622BE5FBE800E07BCA /* ContentView.swift */; };
		ACD20D652BE5FBEA00E07BCA /* Assets.xcassets in Resources */ = {isa = PBXBuildFile; fileRef = ACD20D642BE5FBEA00E07BCA /* Assets.xcassets */; };
		ACD20D682BE5FBEA00E07BCA /* Preview Assets.xcassets in Resources */ = {isa = PBXBuildFile; fileRef = ACD20D672BE5FBEA00E07BCA /* Preview Assets.xcassets */; };
		ACD20D702BE5FC5000E07BCA /* LoaderView.swift in Sources */ = {isa = PBXBuildFile; fileRef = ACD20D6F2BE5FC5000E07BCA /* LoaderView.swift */; };
		ACD20D732BE5FD1F00E07BCA /* HomeView.swift in Sources */ = {isa = PBXBuildFile; fileRef = ACD20D722BE5FD1F00E07BCA /* HomeView.swift */; };
		ACD20D772BE5FD6800E07BCA /* HomeViewModel.swift in Sources */ = {isa = PBXBuildFile; fileRef = ACD20D762BE5FD6800E07BCA /* HomeViewModel.swift */; };
		ACD20D7A2BE5FF6600E07BCA /* WebServiceWrapper.swift in Sources */ = {isa = PBXBuildFile; fileRef = ACD20D792BE5FF6600E07BCA /* WebServiceWrapper.swift */; };
		ACD20D7D2BE62F1B00E07BCA /* Match.swift in Sources */ = {isa = PBXBuildFile; fileRef = ACD20D7C2BE62F1B00E07BCA /* Match.swift */; };
		ACD20D7F2BE62FC500E07BCA /* matches.json in Resources */ = {isa = PBXBuildFile; fileRef = ACD20D7E2BE62FC500E07BCA /* matches.json */; };
		ACD65C782BEC01A800B7449E /* DrawerView.swift in Sources */ = {isa = PBXBuildFile; fileRef = ACD65C772BEC01A800B7449E /* DrawerView.swift */; };
		ACD65C7A2BEC067600B7449E /* SideMenuView.swift in Sources */ = {isa = PBXBuildFile; fileRef = ACD65C792BEC067600B7449E /* SideMenuView.swift */; };
/* End PBXBuildFile section */

/* Begin PBXFileReference section */
		AC2FB3172BEB272100E01CB0 /* matchDetail.json */ = {isa = PBXFileReference; fileEncoding = 4; lastKnownFileType = text.json; path = matchDetail.json; sourceTree = "<group>"; };
		AC2FB3192BEB273300E01CB0 /* MatchDetailViewModel.swift */ = {isa = PBXFileReference; lastKnownFileType = sourcecode.swift; path = MatchDetailViewModel.swift; sourceTree = "<group>"; };
		AC2FB31B2BEB27A000E01CB0 /* MatchResponse.swift */ = {isa = PBXFileReference; lastKnownFileType = sourcecode.swift; path = MatchResponse.swift; sourceTree = "<group>"; };
		AC38902D2BEAB3C00053BFE2 /* MatchDetailView.swift */ = {isa = PBXFileReference; lastKnownFileType = sourcecode.swift; path = MatchDetailView.swift; sourceTree = "<group>"; };
		AC5881852BE8D6AE00CC10EB /* App+Ext.swift */ = {isa = PBXFileReference; lastKnownFileType = sourcecode.swift; path = "App+Ext.swift"; sourceTree = "<group>"; };
		ACCA0D432BEC79AC00FFB90F /* ImagePickerManger.swift */ = {isa = PBXFileReference; lastKnownFileType = sourcecode.swift; path = ImagePickerManger.swift; sourceTree = "<group>"; };
		ACCA0D462BEC7A0600FFB90F /* ProfileSetting.swift */ = {isa = PBXFileReference; lastKnownFileType = sourcecode.swift; path = ProfileSetting.swift; sourceTree = "<group>"; };
		ACCA0D492BEC882000FFB90F /* TeamsScreen.swift */ = {isa = PBXFileReference; lastKnownFileType = sourcecode.swift; path = TeamsScreen.swift; sourceTree = "<group>"; };
		ACCA0D4B2BEC883300FFB90F /* TeamsViewModel.swift */ = {isa = PBXFileReference; lastKnownFileType = sourcecode.swift; path = TeamsViewModel.swift; sourceTree = "<group>"; };
		ACCA0D4D2BEC8E5100FFB90F /* Launch Screen.storyboard */ = {isa = PBXFileReference; lastKnownFileType = file.storyboard; path = "Launch Screen.storyboard"; sourceTree = "<group>"; };
		ACCA0D4F2BEC905B00FFB90F /* Info.plist */ = {isa = PBXFileReference; lastKnownFileType = text.plist; path = Info.plist; sourceTree = "<group>"; };
		ACCA0D502BEC907200FFB90F /* SceneDelegate.swift */ = {isa = PBXFileReference; lastKnownFileType = sourcecode.swift; path = SceneDelegate.swift; sourceTree = "<group>"; };
		ACD20D5D2BE5FBE800E07BCA /* CricTactix.app */ = {isa = PBXFileReference; explicitFileType = wrapper.application; includeInIndex = 0; path = CricTactix.app; sourceTree = BUILT_PRODUCTS_DIR; };
		ACD20D602BE5FBE800E07BCA /* CricTactixApp.swift */ = {isa = PBXFileReference; lastKnownFileType = sourcecode.swift; path = CricTactixApp.swift; sourceTree = "<group>"; };
		ACD20D622BE5FBE800E07BCA /* ContentView.swift */ = {isa = PBXFileReference; lastKnownFileType = sourcecode.swift; path = ContentView.swift; sourceTree = "<group>"; };
		ACD20D642BE5FBEA00E07BCA /* Assets.xcassets */ = {isa = PBXFileReference; lastKnownFileType = folder.assetcatalog; path = Assets.xcassets; sourceTree = "<group>"; };
		ACD20D672BE5FBEA00E07BCA /* Preview Assets.xcassets */ = {isa = PBXFileReference; lastKnownFileType = folder.assetcatalog; path = "Preview Assets.xcassets"; sourceTree = "<group>"; };
		ACD20D6F2BE5FC5000E07BCA /* LoaderView.swift */ = {isa = PBXFileReference; lastKnownFileType = sourcecode.swift; path = LoaderView.swift; sourceTree = "<group>"; };
		ACD20D722BE5FD1F00E07BCA /* HomeView.swift */ = {isa = PBXFileReference; lastKnownFileType = sourcecode.swift; path = HomeView.swift; sourceTree = "<group>"; };
		ACD20D762BE5FD6800E07BCA /* HomeViewModel.swift */ = {isa = PBXFileReference; lastKnownFileType = sourcecode.swift; path = HomeViewModel.swift; sourceTree = "<group>"; };
		ACD20D792BE5FF6600E07BCA /* WebServiceWrapper.swift */ = {isa = PBXFileReference; lastKnownFileType = sourcecode.swift; path = WebServiceWrapper.swift; sourceTree = "<group>"; };
		ACD20D7C2BE62F1B00E07BCA /* Match.swift */ = {isa = PBXFileReference; lastKnownFileType = sourcecode.swift; path = Match.swift; sourceTree = "<group>"; };
		ACD20D7E2BE62FC500E07BCA /* matches.json */ = {isa = PBXFileReference; fileEncoding = 4; lastKnownFileType = text.json; path = matches.json; sourceTree = "<group>"; };
		ACD65C772BEC01A800B7449E /* DrawerView.swift */ = {isa = PBXFileReference; lastKnownFileType = sourcecode.swift; path = DrawerView.swift; sourceTree = "<group>"; };
		ACD65C792BEC067600B7449E /* SideMenuView.swift */ = {isa = PBXFileReference; lastKnownFileType = sourcecode.swift; path = SideMenuView.swift; sourceTree = "<group>"; };
/* End PBXFileReference section */

/* Begin PBXFrameworksBuildPhase section */
		ACD20D5A2BE5FBE800E07BCA /* Frameworks */ = {
			isa = PBXFrameworksBuildPhase;
			buildActionMask = 2147483647;
			files = (
			);
			runOnlyForDeploymentPostprocessing = 0;
		};
/* End PBXFrameworksBuildPhase section */

/* Begin PBXGroup section */
		AC38902C2BEAB3AC0053BFE2 /* MatchDetail */ = {
			isa = PBXGroup;
			children = (
				AC38902D2BEAB3C00053BFE2 /* MatchDetailView.swift */,
				AC2FB3192BEB273300E01CB0 /* MatchDetailViewModel.swift */,
			);
			path = MatchDetail;
			sourceTree = "<group>";
		};
		AC5881842BE8D6A400CC10EB /* Ext */ = {
			isa = PBXGroup;
			children = (
				AC5881852BE8D6AE00CC10EB /* App+Ext.swift */,
			);
			path = Ext;
			sourceTree = "<group>";
		};
		ACCA0D452BEC79F600FFB90F /* Profile */ = {
			isa = PBXGroup;
			children = (
				ACCA0D462BEC7A0600FFB90F /* ProfileSetting.swift */,
			);
			path = Profile;
			sourceTree = "<group>";
		};
		ACCA0D482BEC880900FFB90F /* Fav */ = {
			isa = PBXGroup;
			children = (
				ACCA0D492BEC882000FFB90F /* TeamsScreen.swift */,
				ACCA0D4B2BEC883300FFB90F /* TeamsViewModel.swift */,
			);
			path = Fav;
			sourceTree = "<group>";
		};
		ACD20D542BE5FBE800E07BCA = {
			isa = PBXGroup;
			children = (
				ACD20D5F2BE5FBE800E07BCA /* CricTactix */,
				ACD20D5E2BE5FBE800E07BCA /* Products */,
			);
			sourceTree = "<group>";
		};
		ACD20D5E2BE5FBE800E07BCA /* Products */ = {
			isa = PBXGroup;
			children = (
				ACD20D5D2BE5FBE800E07BCA /* CricTactix.app */,
			);
			name = Products;
			sourceTree = "<group>";
		};
		ACD20D5F2BE5FBE800E07BCA /* CricTactix */ = {
			isa = PBXGroup;
			children = (
				ACCA0D4F2BEC905B00FFB90F /* Info.plist */,
				ACD20D7E2BE62FC500E07BCA /* matches.json */,
				AC2FB3172BEB272100E01CB0 /* matchDetail.json */,
				AC5881842BE8D6A400CC10EB /* Ext */,
				ACD20D7B2BE62F1500E07BCA /* Model */,
				ACD20D782BE5FF5500E07BCA /* WebService */,
				ACD20D712BE5FD0C00E07BCA /* Utils */,
				ACD20D6E2BE5FC4100E07BCA /* Views */,
				ACD20D602BE5FBE800E07BCA /* CricTactixApp.swift */,
				ACD20D622BE5FBE800E07BCA /* ContentView.swift */,
				ACCA0D502BEC907200FFB90F /* SceneDelegate.swift */,
				ACD20D642BE5FBEA00E07BCA /* Assets.xcassets */,
				ACCA0D4D2BEC8E5100FFB90F /* Launch Screen.storyboard */,
				ACD20D662BE5FBEA00E07BCA /* Preview Content */,
			);
			path = CricTactix;
			sourceTree = "<group>";
		};
		ACD20D662BE5FBEA00E07BCA /* Preview Content */ = {
			isa = PBXGroup;
			children = (
				ACD20D672BE5FBEA00E07BCA /* Preview Assets.xcassets */,
			);
			path = "Preview Content";
			sourceTree = "<group>";
		};
		ACD20D6E2BE5FC4100E07BCA /* Views */ = {
			isa = PBXGroup;
			children = (
				ACCA0D482BEC880900FFB90F /* Fav */,
				ACCA0D452BEC79F600FFB90F /* Profile */,
				AC38902C2BEAB3AC0053BFE2 /* MatchDetail */,
				ACD20D752BE5FD5700E07BCA /* Home */,
			);
			path = Views;
			sourceTree = "<group>";
		};
		ACD20D712BE5FD0C00E07BCA /* Utils */ = {
			isa = PBXGroup;
			children = (
				ACD20D6F2BE5FC5000E07BCA /* LoaderView.swift */,
				ACD65C772BEC01A800B7449E /* DrawerView.swift */,
				ACD65C792BEC067600B7449E /* SideMenuView.swift */,
				ACCA0D432BEC79AC00FFB90F /* ImagePickerManger.swift */,
			);
			path = Utils;
			sourceTree = "<group>";
		};
		ACD20D752BE5FD5700E07BCA /* Home */ = {
			isa = PBXGroup;
			children = (
				ACD20D722BE5FD1F00E07BCA /* HomeView.swift */,
				ACD20D762BE5FD6800E07BCA /* HomeViewModel.swift */,
			);
			path = Home;
			sourceTree = "<group>";
		};
		ACD20D782BE5FF5500E07BCA /* WebService */ = {
			isa = PBXGroup;
			children = (
				ACD20D792BE5FF6600E07BCA /* WebServiceWrapper.swift */,
			);
			path = WebService;
			sourceTree = "<group>";
		};
		ACD20D7B2BE62F1500E07BCA /* Model */ = {
			isa = PBXGroup;
			children = (
				ACD20D7C2BE62F1B00E07BCA /* Match.swift */,
				AC2FB31B2BEB27A000E01CB0 /* MatchResponse.swift */,
			);
			path = Model;
			sourceTree = "<group>";
		};
/* End PBXGroup section */

/* Begin PBXNativeTarget section */
		ACD20D5C2BE5FBE800E07BCA /* CricTactix */ = {
			isa = PBXNativeTarget;
			buildConfigurationList = ACD20D6B2BE5FBEA00E07BCA /* Build configuration list for PBXNativeTarget "CricTactix" */;
			buildPhases = (
				ACD20D592BE5FBE800E07BCA /* Sources */,
				ACD20D5A2BE5FBE800E07BCA /* Frameworks */,
				ACD20D5B2BE5FBE800E07BCA /* Resources */,
			);
			buildRules = (
			);
			dependencies = (
			);
			name = CricTactix;
			productName = CricTactix;
			productReference = ACD20D5D2BE5FBE800E07BCA /* CricTactix.app */;
			productType = "com.apple.product-type.application";
		};
/* End PBXNativeTarget section */

/* Begin PBXProject section */
		ACD20D552BE5FBE800E07BCA /* Project object */ = {
			isa = PBXProject;
			attributes = {
				BuildIndependentTargetsInParallel = 1;
				LastSwiftUpdateCheck = 1510;
				LastUpgradeCheck = 1510;
				TargetAttributes = {
					ACD20D5C2BE5FBE800E07BCA = {
						CreatedOnToolsVersion = 15.1;
					};
				};
			};
			buildConfigurationList = ACD20D582BE5FBE800E07BCA /* Build configuration list for PBXProject "CricTactix" */;
			compatibilityVersion = "Xcode 14.0";
			developmentRegion = en;
			hasScannedForEncodings = 0;
			knownRegions = (
				en,
				Base,
			);
			mainGroup = ACD20D542BE5FBE800E07BCA;
			productRefGroup = ACD20D5E2BE5FBE800E07BCA /* Products */;
			projectDirPath = "";
			projectRoot = "";
			targets = (
				ACD20D5C2BE5FBE800E07BCA /* CricTactix */,
			);
		};
/* End PBXProject section */

/* Begin PBXResourcesBuildPhase section */
		ACD20D5B2BE5FBE800E07BCA /* Resources */ = {
			isa = PBXResourcesBuildPhase;
			buildActionMask = 2147483647;
			files = (
				AC2FB3182BEB272200E01CB0 /* matchDetail.json in Resources */,
				ACD20D682BE5FBEA00E07BCA /* Preview Assets.xcassets in Resources */,
				ACD20D7F2BE62FC500E07BCA /* matches.json in Resources */,
				ACCA0D4E2BEC8E5100FFB90F /* Launch Screen.storyboard in Resources */,
				ACD20D652BE5FBEA00E07BCA /* Assets.xcassets in Resources */,
			);
			runOnlyForDeploymentPostprocessing = 0;
		};
/* End PBXResourcesBuildPhase section */

/* Begin PBXSourcesBuildPhase section */
		ACD20D592BE5FBE800E07BCA /* Sources */ = {
			isa = PBXSourcesBuildPhase;
			buildActionMask = 2147483647;
			files = (
				ACD20D632BE5FBE800E07BCA /* ContentView.swift in Sources */,
				AC38902E2BEAB3C00053BFE2 /* MatchDetailView.swift in Sources */,
				ACD20D732BE5FD1F00E07BCA /* HomeView.swift in Sources */,
				ACD65C7A2BEC067600B7449E /* SideMenuView.swift in Sources */,
				ACD65C782BEC01A800B7449E /* DrawerView.swift in Sources */,
				ACCA0D442BEC79AC00FFB90F /* ImagePickerManger.swift in Sources */,
				AC2FB31A2BEB273300E01CB0 /* MatchDetailViewModel.swift in Sources */,
				ACCA0D512BEC907200FFB90F /* SceneDelegate.swift in Sources */,
				AC2FB31C2BEB27A000E01CB0 /* MatchResponse.swift in Sources */,
				ACD20D612BE5FBE800E07BCA /* CricTactixApp.swift in Sources */,
				AC5881862BE8D6AE00CC10EB /* App+Ext.swift in Sources */,
				ACD20D7D2BE62F1B00E07BCA /* Match.swift in Sources */,
				ACD20D772BE5FD6800E07BCA /* HomeViewModel.swift in Sources */,
				ACCA0D472BEC7A0600FFB90F /* ProfileSetting.swift in Sources */,
				ACCA0D4C2BEC883300FFB90F /* TeamsViewModel.swift in Sources */,
				ACD20D7A2BE5FF6600E07BCA /* WebServiceWrapper.swift in Sources */,
				ACD20D702BE5FC5000E07BCA /* LoaderView.swift in Sources */,
				ACCA0D4A2BEC882000FFB90F /* TeamsScreen.swift in Sources */,
			);
			runOnlyForDeploymentPostprocessing = 0;
		};
/* End PBXSourcesBuildPhase section */

/* Begin XCBuildConfiguration section */
		ACD20D692BE5FBEA00E07BCA /* Debug */ = {
			isa = XCBuildConfiguration;
			buildSettings = {
				ALWAYS_SEARCH_USER_PATHS = NO;
				ASSETCATALOG_COMPILER_GENERATE_SWIFT_ASSET_SYMBOL_EXTENSIONS = YES;
				CLANG_ANALYZER_NONNULL = YES;
				CLANG_ANALYZER_NUMBER_OBJECT_CONVERSION = YES_AGGRESSIVE;
				CLANG_CXX_LANGUAGE_STANDARD = "gnu++20";
				CLANG_ENABLE_MODULES = YES;
				CLANG_ENABLE_OBJC_ARC = YES;
				CLANG_ENABLE_OBJC_WEAK = YES;
				CLANG_WARN_BLOCK_CAPTURE_AUTORELEASING = YES;
				CLANG_WARN_BOOL_CONVERSION = YES;
				CLANG_WARN_COMMA = YES;
				CLANG_WARN_CONSTANT_CONVERSION = YES;
				CLANG_WARN_DEPRECATED_OBJC_IMPLEMENTATIONS = YES;
				CLANG_WARN_DIRECT_OBJC_ISA_USAGE = YES_ERROR;
				CLANG_WARN_DOCUMENTATION_COMMENTS = YES;
				CLANG_WARN_EMPTY_BODY = YES;
				CLANG_WARN_ENUM_CONVERSION = YES;
				CLANG_WARN_INFINITE_RECURSION = YES;
				CLANG_WARN_INT_CONVERSION = YES;
				CLANG_WARN_NON_LITERAL_NULL_CONVERSION = YES;
				CLANG_WARN_OBJC_IMPLICIT_RETAIN_SELF = YES;
				CLANG_WARN_OBJC_LITERAL_CONVERSION = YES;
				CLANG_WARN_OBJC_ROOT_CLASS = YES_ERROR;
				CLANG_WARN_QUOTED_INCLUDE_IN_FRAMEWORK_HEADER = YES;
				CLANG_WARN_RANGE_LOOP_ANALYSIS = YES;
				CLANG_WARN_STRICT_PROTOTYPES = YES;
				CLANG_WARN_SUSPICIOUS_MOVE = YES;
				CLANG_WARN_UNGUARDED_AVAILABILITY = YES_AGGRESSIVE;
				CLANG_WARN_UNREACHABLE_CODE = YES;
				CLANG_WARN__DUPLICATE_METHOD_MATCH = YES;
				COPY_PHASE_STRIP = NO;
				DEBUG_INFORMATION_FORMAT = dwarf;
				ENABLE_STRICT_OBJC_MSGSEND = YES;
				ENABLE_TESTABILITY = YES;
				ENABLE_USER_SCRIPT_SANDBOXING = YES;
				GCC_C_LANGUAGE_STANDARD = gnu17;
				GCC_DYNAMIC_NO_PIC = NO;
				GCC_NO_COMMON_BLOCKS = YES;
				GCC_OPTIMIZATION_LEVEL = 0;
				GCC_PREPROCESSOR_DEFINITIONS = (
					"DEBUG=1",
					"$(inherited)",
				);
				GCC_WARN_64_TO_32_BIT_CONVERSION = YES;
				GCC_WARN_ABOUT_RETURN_TYPE = YES_ERROR;
				GCC_WARN_UNDECLARED_SELECTOR = YES;
				GCC_WARN_UNINITIALIZED_AUTOS = YES_AGGRESSIVE;
				GCC_WARN_UNUSED_FUNCTION = YES;
				GCC_WARN_UNUSED_VARIABLE = YES;
				IPHONEOS_DEPLOYMENT_TARGET = 17.2;
				LOCALIZATION_PREFERS_STRING_CATALOGS = YES;
				MTL_ENABLE_DEBUG_INFO = INCLUDE_SOURCE;
				MTL_FAST_MATH = YES;
				ONLY_ACTIVE_ARCH = YES;
				SDKROOT = iphoneos;
				SWIFT_ACTIVE_COMPILATION_CONDITIONS = "DEBUG $(inherited)";
				SWIFT_OPTIMIZATION_LEVEL = "-Onone";
			};
			name = Debug;
		};
		ACD20D6A2BE5FBEA00E07BCA /* Release */ = {
			isa = XCBuildConfiguration;
			buildSettings = {
				ALWAYS_SEARCH_USER_PATHS = NO;
				ASSETCATALOG_COMPILER_GENERATE_SWIFT_ASSET_SYMBOL_EXTENSIONS = YES;
				CLANG_ANALYZER_NONNULL = YES;
				CLANG_ANALYZER_NUMBER_OBJECT_CONVERSION = YES_AGGRESSIVE;
				CLANG_CXX_LANGUAGE_STANDARD = "gnu++20";
				CLANG_ENABLE_MODULES = YES;
				CLANG_ENABLE_OBJC_ARC = YES;
				CLANG_ENABLE_OBJC_WEAK = YES;
				CLANG_WARN_BLOCK_CAPTURE_AUTORELEASING = YES;
				CLANG_WARN_BOOL_CONVERSION = YES;
				CLANG_WARN_COMMA = YES;
				CLANG_WARN_CONSTANT_CONVERSION = YES;
				CLANG_WARN_DEPRECATED_OBJC_IMPLEMENTATIONS = YES;
				CLANG_WARN_DIRECT_OBJC_ISA_USAGE = YES_ERROR;
				CLANG_WARN_DOCUMENTATION_COMMENTS = YES;
				CLANG_WARN_EMPTY_BODY = YES;
				CLANG_WARN_ENUM_CONVERSION = YES;
				CLANG_WARN_INFINITE_RECURSION = YES;
				CLANG_WARN_INT_CONVERSION = YES;
				CLANG_WARN_NON_LITERAL_NULL_CONVERSION = YES;
				CLANG_WARN_OBJC_IMPLICIT_RETAIN_SELF = YES;
				CLANG_WARN_OBJC_LITERAL_CONVERSION = YES;
				CLANG_WARN_OBJC_ROOT_CLASS = YES_ERROR;
				CLANG_WARN_QUOTED_INCLUDE_IN_FRAMEWORK_HEADER = YES;
				CLANG_WARN_RANGE_LOOP_ANALYSIS = YES;
				CLANG_WARN_STRICT_PROTOTYPES = YES;
				CLANG_WARN_SUSPICIOUS_MOVE = YES;
				CLANG_WARN_UNGUARDED_AVAILABILITY = YES_AGGRESSIVE;
				CLANG_WARN_UNREACHABLE_CODE = YES;
				CLANG_WARN__DUPLICATE_METHOD_MATCH = YES;
				COPY_PHASE_STRIP = NO;
				DEBUG_INFORMATION_FORMAT = "dwarf-with-dsym";
				ENABLE_NS_ASSERTIONS = NO;
				ENABLE_STRICT_OBJC_MSGSEND = YES;
				ENABLE_USER_SCRIPT_SANDBOXING = YES;
				GCC_C_LANGUAGE_STANDARD = gnu17;
				GCC_NO_COMMON_BLOCKS = YES;
				GCC_WARN_64_TO_32_BIT_CONVERSION = YES;
				GCC_WARN_ABOUT_RETURN_TYPE = YES_ERROR;
				GCC_WARN_UNDECLARED_SELECTOR = YES;
				GCC_WARN_UNINITIALIZED_AUTOS = YES_AGGRESSIVE;
				GCC_WARN_UNUSED_FUNCTION = YES;
				GCC_WARN_UNUSED_VARIABLE = YES;
				IPHONEOS_DEPLOYMENT_TARGET = 17.2;
				LOCALIZATION_PREFERS_STRING_CATALOGS = YES;
				MTL_ENABLE_DEBUG_INFO = NO;
				MTL_FAST_MATH = YES;
				SDKROOT = iphoneos;
				SWIFT_COMPILATION_MODE = wholemodule;
				VALIDATE_PRODUCT = YES;
			};
			name = Release;
		};
		ACD20D6C2BE5FBEA00E07BCA /* Debug */ = {
			isa = XCBuildConfiguration;
			buildSettings = {
				ASSETCATALOG_COMPILER_APPICON_NAME = AppIcon;
				ASSETCATALOG_COMPILER_GLOBAL_ACCENT_COLOR_NAME = AccentColor;
				CODE_SIGN_STYLE = Automatic;
				CURRENT_PROJECT_VERSION = 1;
				DEVELOPMENT_ASSET_PATHS = "\"CricTactix/Preview Content\"";
				ENABLE_PREVIEWS = YES;
				GENERATE_INFOPLIST_FILE = YES;
				INFOPLIST_FILE = CricTactix/Info.plist;
				INFOPLIST_KEY_NSPhotoLibraryUsageDescription = "This app uses your photo library to add Profile Photo images.";
				INFOPLIST_KEY_UIApplicationSupportsIndirectInputEvents = YES;
				INFOPLIST_KEY_UILaunchScreen_Generation = YES;
				INFOPLIST_KEY_UILaunchStoryboardName = "Launch Screen.storyboard";
				INFOPLIST_KEY_UISupportedInterfaceOrientations = UIInterfaceOrientationPortrait;
				INFOPLIST_KEY_UISupportedInterfaceOrientations_iPad = "UIInterfaceOrientationLandscapeLeft UIInterfaceOrientationLandscapeRight UIInterfaceOrientationPortrait UIInterfaceOrientationPortraitUpsideDown";
				IPHONEOS_DEPLOYMENT_TARGET = 13.0;
				LD_RUNPATH_SEARCH_PATHS = (
					"$(inherited)",
					"@executable_path/Frameworks",
				);
				MARKETING_VERSION = 1.0;
				PRODUCT_BUNDLE_IDENTIFIER = com.CricTactix;
				PRODUCT_NAME = "$(TARGET_NAME)";
				SUPPORTED_PLATFORMS = "iphoneos iphonesimulator";
				SUPPORTS_MACCATALYST = NO;
				SUPPORTS_MAC_DESIGNED_FOR_IPHONE_IPAD = NO;
				SWIFT_EMIT_LOC_STRINGS = YES;
				SWIFT_VERSION = 5.0;
				TARGETED_DEVICE_FAMILY = 1;
			};
			name = Debug;
		};
		ACD20D6D2BE5FBEA00E07BCA /* Release */ = {
			isa = XCBuildConfiguration;
			buildSettings = {
				ASSETCATALOG_COMPILER_APPICON_NAME = AppIcon;
				ASSETCATALOG_COMPILER_GLOBAL_ACCENT_COLOR_NAME = AccentColor;
				CODE_SIGN_STYLE = Automatic;
				CURRENT_PROJECT_VERSION = 1;
				DEVELOPMENT_ASSET_PATHS = "\"CricTactix/Preview Content\"";
				ENABLE_PREVIEWS = YES;
				GENERATE_INFOPLIST_FILE = YES;
				INFOPLIST_FILE = CricTactix/Info.plist;
				INFOPLIST_KEY_NSPhotoLibraryUsageDescription = "This app uses your photo library to add Profile Photo images.";
				INFOPLIST_KEY_UIApplicationSupportsIndirectInputEvents = YES;
				INFOPLIST_KEY_UILaunchScreen_Generation = YES;
				INFOPLIST_KEY_UILaunchStoryboardName = "Launch Screen.storyboard";
				INFOPLIST_KEY_UISupportedInterfaceOrientations = UIInterfaceOrientationPortrait;
				INFOPLIST_KEY_UISupportedInterfaceOrientations_iPad = "UIInterfaceOrientationLandscapeLeft UIInterfaceOrientationLandscapeRight UIInterfaceOrientationPortrait UIInterfaceOrientationPortraitUpsideDown";
				IPHONEOS_DEPLOYMENT_TARGET = 13.0;
				LD_RUNPATH_SEARCH_PATHS = (
					"$(inherited)",
					"@executable_path/Frameworks",
				);
				MARKETING_VERSION = 1.0;
				PRODUCT_BUNDLE_IDENTIFIER = com.CricTactix;
				PRODUCT_NAME = "$(TARGET_NAME)";
				SUPPORTED_PLATFORMS = "iphoneos iphonesimulator";
				SUPPORTS_MACCATALYST = NO;
				SUPPORTS_MAC_DESIGNED_FOR_IPHONE_IPAD = NO;
				SWIFT_EMIT_LOC_STRINGS = YES;
				SWIFT_VERSION = 5.0;
				TARGETED_DEVICE_FAMILY = 1;
			};
			name = Release;
		};
/* End XCBuildConfiguration section */

/* Begin XCConfigurationList section */
		ACD20D582BE5FBE800E07BCA /* Build configuration list for PBXProject "CricTactix" */ = {
			isa = XCConfigurationList;
			buildConfigurations = (
				ACD20D692BE5FBEA00E07BCA /* Debug */,
				ACD20D6A2BE5FBEA00E07BCA /* Release */,
			);
			defaultConfigurationIsVisible = 0;
			defaultConfigurationName = Release;
		};
		ACD20D6B2BE5FBEA00E07BCA /* Build configuration list for PBXNativeTarget "CricTactix" */ = {
			isa = XCConfigurationList;
			buildConfigurations = (
				ACD20D6C2BE5FBEA00E07BCA /* Debug */,
				ACD20D6D2BE5FBEA00E07BCA /* Release */,
			);
			defaultConfigurationIsVisible = 0;
			defaultConfigurationName = Release;
		};
/* End XCConfigurationList section */
	};
	rootObject = ACD20D552BE5FBE800E07BCA /* Project object */;
}
